
Microsoft Visual Studio Solution File, Format Version 12.00
# Visual Studio Version 17
VisualStudioVersion = 17.3.32825.248
MinimumVisualStudioVersion = 10.0.40219.1
Project("{FAE04EC0-301F-11D3-BF4B-00C04F79EFBC}") = "ElvUIUpdater", "ElvUIUpdater\ElvUIUpdater.csproj", "{B7D937D9-CD08-41AE-B783-52BAA6F01152}"
EndProject
Global
	GlobalSection(SolutionConfigurationPlatforms) = preSolution
		Debug|Any CPU = Debug|Any CPU
		Release|Any CPU = Release|Any CPU
	EndGlobalSection
	GlobalSection(ProjectConfigurationPlatforms) = postSolution
		{B7D937D9-CD08-41AE-B783-52BAA6F01152}.Debug|Any CPU.ActiveCfg = Debug|Any CPU
		{B7D937D9-CD08-41AE-B783-52BAA6F01152}.Debug|Any CPU.Build.0 = Debug|Any CPU
		{B7D937D9-CD08-41AE-B783-52BAA6F01152}.Release|Any CPU.ActiveCfg = Release|Any CPU
		{B7D937D9-CD08-41AE-B783-52BAA6F01152}.Release|Any CPU.Build.0 = Release|Any CPU
	EndGlobalSection
	GlobalSection(SolutionProperties) = preSolution
		HideSolutionNode = FALSE
	EndGlobalSection
	GlobalSection(ExtensibilityGlobals) = postSolution
		SolutionGuid = {966CCC9C-87D5-405C-BE99-971F7C96FAAB}
	EndGlobalSection
EndGlobal
